# THIS IS AN AUTOGENERATED FILE. DO NOT EDIT THIS FILE DIRECTLY.
# yarn lockfile v1


"@faker-js/faker@^7.6.0":
  version "7.6.0"
  resolved "https://registry.yarnpkg.com/@faker-js/faker/-/faker-7.6.0.tgz#9ea331766084288634a9247fcd8b84f16ff4ba07"
  integrity sha512-XK6BTq1NDMo9Xqw/YkYyGjSsg44fbNwYRx7QK2CuoQgyy+f1rrTDHoExVM5PsyXCtfl2vs2vVJ0MN0yN6LppRw==

"@types/google.maps@^3.51.0":
  version "3.54.7"
  resolved "https://registry.yarnpkg.com/@types/google.maps/-/google.maps-3.54.7.tgz#24b58ec23072315233a3e8c22d56cf66f15f7e9c"
  integrity sha512-L4OlEOw7GMdPJb5/eVXH7ZRBILPFaGbthRSOJtnnmDVEBV3Z8Y631whvAuahJyjpld460TuachEftDPXuqSD9A==
